{
  "name": "test-random-color",
  "lockfileVersion": 3,
  "requires": true,
  "packages": {
    "": {
      "dependencies": {
        "@jerecede/random-color": "^1.0.0"
      }
    },
    "node_modules/@jerecede/random-color": {
      "version": "1.0.0",
      "resolved": "https://registry.npmjs.org/@jerecede/random-color/-/random-color-1.0.0.tgz",
      "integrity": "sha512-FI0rQJtPI5J8qhng4wv06PTBEJV7JxNxGV0TPlsin7MujF+3aLdzMQI8RLVE18XbRBMruSl4tOYa1RCAzwT75w==",
      "license": "ISC"
    }
  }
}
